
Microsoft Visual Studio Solution File, Format Version 12.00
# Visual Studio Version 16
VisualStudioVersion = 16.0.29920.165
MinimumVisualStudioVersion = 10.0.40219.1
Project("{FAE04EC0-301F-11D3-BF4B-00C04F79EFBC}") = "Modul01_HelloWinForms", "Modul01_HelloWinForms\Modul01_HelloWinForms.csproj", "{1C40BAFA-A594-465E-8842-41647C53A163}"
EndProject
Project("{FAE04EC0-301F-11D3-BF4B-00C04F79EFBC}") = "Modul02_Controls_Overview", "Modul02_Controls_Overview\Modul02_Controls_Overview.csproj", "{A4C8EE55-1A20-44D9-BEBE-687E29D9F4B5}"
EndProject
Project("{FAE04EC0-301F-11D3-BF4B-00C04F79EFBC}") = "Modul02_Lab1_Calculator", "Modul02_Lab1_Calculator\Modul02_Lab1_Calculator.csproj", "{C5337CFE-1C87-422D-B9B2-682F5C8177C2}"
EndProject
Project("{FAE04EC0-301F-11D3-BF4B-00C04F79EFBC}") = "TestdatenLibrary", "TestdatenLibrary\TestdatenLibrary.csproj", "{13ECD35E-23DC-4409-8B5F-240BBC8B8B9D}"
EndProject
Project("{FAE04EC0-301F-11D3-BF4B-00C04F79EFBC}") = "Modul03_FormularDesign", "Modul03_FormularDesign\Modul03_FormularDesign.csproj", "{ED87C972-0AA8-47A2-90F2-4FACCE900760}"
EndProject
Project("{FAE04EC0-301F-11D3-BF4B-00C04F79EFBC}") = "Modul03_ErrorProvider", "Modul03_ErrorProvider\Modul03_ErrorProvider.csproj", "{FA74E2BF-277E-4EFD-B380-6526D1919D7B}"
EndProject
Project("{FAE04EC0-301F-11D3-BF4B-00C04F79EFBC}") = "Modul04_UserControls", "Modul04_UserControls\Modul04_UserControls.csproj", "{CE78AA5F-C414-4B85-878F-7A93A77B1549}"
EndProject
Global
	GlobalSection(SolutionConfigurationPlatforms) = preSolution
		Debug|Any CPU = Debug|Any CPU
		Release|Any CPU = Release|Any CPU
	EndGlobalSection
	GlobalSection(ProjectConfigurationPlatforms) = postSolution
		{1C40BAFA-A594-465E-8842-41647C53A163}.Debug|Any CPU.ActiveCfg = Debug|Any CPU
		{1C40BAFA-A594-465E-8842-41647C53A163}.Debug|Any CPU.Build.0 = Debug|Any CPU
		{1C40BAFA-A594-465E-8842-41647C53A163}.Release|Any CPU.ActiveCfg = Release|Any CPU
		{1C40BAFA-A594-465E-8842-41647C53A163}.Release|Any CPU.Build.0 = Release|Any CPU
		{A4C8EE55-1A20-44D9-BEBE-687E29D9F4B5}.Debug|Any CPU.ActiveCfg = Debug|Any CPU
		{A4C8EE55-1A20-44D9-BEBE-687E29D9F4B5}.Debug|Any CPU.Build.0 = Debug|Any CPU
		{A4C8EE55-1A20-44D9-BEBE-687E29D9F4B5}.Release|Any CPU.ActiveCfg = Release|Any CPU
		{A4C8EE55-1A20-44D9-BEBE-687E29D9F4B5}.Release|Any CPU.Build.0 = Release|Any CPU
		{C5337CFE-1C87-422D-B9B2-682F5C8177C2}.Debug|Any CPU.ActiveCfg = Debug|Any CPU
		{C5337CFE-1C87-422D-B9B2-682F5C8177C2}.Debug|Any CPU.Build.0 = Debug|Any CPU
		{C5337CFE-1C87-422D-B9B2-682F5C8177C2}.Release|Any CPU.ActiveCfg = Release|Any CPU
		{C5337CFE-1C87-422D-B9B2-682F5C8177C2}.Release|Any CPU.Build.0 = Release|Any CPU
		{13ECD35E-23DC-4409-8B5F-240BBC8B8B9D}.Debug|Any CPU.ActiveCfg = Debug|Any CPU
		{13ECD35E-23DC-4409-8B5F-240BBC8B8B9D}.Debug|Any CPU.Build.0 = Debug|Any CPU
		{13ECD35E-23DC-4409-8B5F-240BBC8B8B9D}.Release|Any CPU.ActiveCfg = Release|Any CPU
		{13ECD35E-23DC-4409-8B5F-240BBC8B8B9D}.Release|Any CPU.Build.0 = Release|Any CPU
		{ED87C972-0AA8-47A2-90F2-4FACCE900760}.Debug|Any CPU.ActiveCfg = Debug|Any CPU
		{ED87C972-0AA8-47A2-90F2-4FACCE900760}.Debug|Any CPU.Build.0 = Debug|Any CPU
		{ED87C972-0AA8-47A2-90F2-4FACCE900760}.Release|Any CPU.ActiveCfg = Release|Any CPU
		{ED87C972-0AA8-47A2-90F2-4FACCE900760}.Release|Any CPU.Build.0 = Release|Any CPU
		{FA74E2BF-277E-4EFD-B380-6526D1919D7B}.Debug|Any CPU.ActiveCfg = Debug|Any CPU
		{FA74E2BF-277E-4EFD-B380-6526D1919D7B}.Debug|Any CPU.Build.0 = Debug|Any CPU
		{FA74E2BF-277E-4EFD-B380-6526D1919D7B}.Release|Any CPU.ActiveCfg = Release|Any CPU
		{FA74E2BF-277E-4EFD-B380-6526D1919D7B}.Release|Any CPU.Build.0 = Release|Any CPU
		{CE78AA5F-C414-4B85-878F-7A93A77B1549}.Debug|Any CPU.ActiveCfg = Debug|Any CPU
		{CE78AA5F-C414-4B85-878F-7A93A77B1549}.Debug|Any CPU.Build.0 = Debug|Any CPU
		{CE78AA5F-C414-4B85-878F-7A93A77B1549}.Release|Any CPU.ActiveCfg = Release|Any CPU
		{CE78AA5F-C414-4B85-878F-7A93A77B1549}.Release|Any CPU.Build.0 = Release|Any CPU
	EndGlobalSection
	GlobalSection(SolutionProperties) = preSolution
		HideSolutionNode = FALSE
	EndGlobalSection
	GlobalSection(ExtensibilityGlobals) = postSolution
		SolutionGuid = {9B5ECC0C-EE0E-4023-A75A-F90827E7709A}
	EndGlobalSection
EndGlobal
